
Microsoft Visual Studio Solution File, Format Version 12.00
# Visual Studio Version 17
VisualStudioVersion = 17.0.31912.275
MinimumVisualStudioVersion = 10.0.40219.1
Project("{FAE04EC0-301F-11D3-BF4B-00C04F79EFBC}") = "EjemploEntityFramworkConsole", "EjemploEntityFramworkConsole\EjemploEntityFramworkConsole.csproj", "{7CF34373-297A-4595-83D0-A9E914E66864}"
EndProject
Global
	GlobalSection(SolutionConfigurationPlatforms) = preSolution
		Debug|Any CPU = Debug|Any CPU
		Release|Any CPU = Release|Any CPU
	EndGlobalSection
	GlobalSection(ProjectConfigurationPlatforms) = postSolution
		{7CF34373-297A-4595-83D0-A9E914E66864}.Debug|Any CPU.ActiveCfg = Debug|Any CPU
		{7CF34373-297A-4595-83D0-A9E914E66864}.Debug|Any CPU.Build.0 = Debug|Any CPU
		{7CF34373-297A-4595-83D0-A9E914E66864}.Release|Any CPU.ActiveCfg = Release|Any CPU
		{7CF34373-297A-4595-83D0-A9E914E66864}.Release|Any CPU.Build.0 = Release|Any CPU
	EndGlobalSection
	GlobalSection(SolutionProperties) = preSolution
		HideSolutionNode = FALSE
	EndGlobalSection
	GlobalSection(ExtensibilityGlobals) = postSolution
		SolutionGuid = {7ABD5EDD-0789-470D-959E-0A6D1601E827}
	EndGlobalSection
EndGlobal
